
Microsoft Visual Studio Solution File, Format Version 12.00
# Visual Studio Version 17
VisualStudioVersion = 17.6.33829.357
MinimumVisualStudioVersion = 10.0.40219.1
Project("{2150E333-8FDC-42A3-9474-1A3956D46DE8}") = "Core", "Core", "{218FCE1F-05CF-4B27-B144-CC9B58F52B58}"
EndProject
Project("{9A19103F-16F7-4668-BE54-9A1E7A4F7556}") = "ETicaretAPI.Domain", "Core\ETicaretAPI.Domain\ETicaretAPI.Domain.csproj", "{283EDEF8-E6FB-4C2C-B25D-01E45E6111D6}"
EndProject
Project("{9A19103F-16F7-4668-BE54-9A1E7A4F7556}") = "ETicaret.Application", "Core\ETicaret.Application\ETicaret.Application.csproj", "{FAA30BA5-7441-44F5-AEE0-565C5E8BDB6D}"
EndProject
Project("{2150E333-8FDC-42A3-9474-1A3956D46DE8}") = "Infrastructure", "Infrastructure", "{08BA7283-9C62-4FBA-92E5-DE4F230A4D8F}"
EndProject
Project("{9A19103F-16F7-4668-BE54-9A1E7A4F7556}") = "ETicaretAPI.Infrastructure", "Infrastructure\ETicaretAPI.Infrastructure\ETicaretAPI.Infrastructure.csproj", "{904AB5E5-F383-4F72-B6C5-C6272B6A1992}"
EndProject
Project("{9A19103F-16F7-4668-BE54-9A1E7A4F7556}") = "ETicaretAPI.Persistence", "Infrastructure\ETicaretAPI.Persistence\ETicaretAPI.Persistence.csproj", "{FE6A0D60-6B5B-4D3A-89DC-41534A7CA962}"
EndProject
Project("{2150E333-8FDC-42A3-9474-1A3956D46DE8}") = "Presentation", "Presentation", "{D1096DD6-8A6E-4CE8-B314-54D24512FAE8}"
EndProject
Project("{9A19103F-16F7-4668-BE54-9A1E7A4F7556}") = "ETicaretAPI.API", "Presentation\ETicaretAPI.API\ETicaretAPI.API.csproj", "{75ADA892-97BF-4758-BA93-BE1910E5FEF3}"
EndProject
Global
	GlobalSection(SolutionConfigurationPlatforms) = preSolution
		Debug|Any CPU = Debug|Any CPU
		Release|Any CPU = Release|Any CPU
	EndGlobalSection
	GlobalSection(ProjectConfigurationPlatforms) = postSolution
		{283EDEF8-E6FB-4C2C-B25D-01E45E6111D6}.Debug|Any CPU.ActiveCfg = Debug|Any CPU
		{283EDEF8-E6FB-4C2C-B25D-01E45E6111D6}.Debug|Any CPU.Build.0 = Debug|Any CPU
		{283EDEF8-E6FB-4C2C-B25D-01E45E6111D6}.Release|Any CPU.ActiveCfg = Release|Any CPU
		{283EDEF8-E6FB-4C2C-B25D-01E45E6111D6}.Release|Any CPU.Build.0 = Release|Any CPU
		{FAA30BA5-7441-44F5-AEE0-565C5E8BDB6D}.Debug|Any CPU.ActiveCfg = Debug|Any CPU
		{FAA30BA5-7441-44F5-AEE0-565C5E8BDB6D}.Debug|Any CPU.Build.0 = Debug|Any CPU
		{FAA30BA5-7441-44F5-AEE0-565C5E8BDB6D}.Release|Any CPU.ActiveCfg = Release|Any CPU
		{FAA30BA5-7441-44F5-AEE0-565C5E8BDB6D}.Release|Any CPU.Build.0 = Release|Any CPU
		{904AB5E5-F383-4F72-B6C5-C6272B6A1992}.Debug|Any CPU.ActiveCfg = Debug|Any CPU
		{904AB5E5-F383-4F72-B6C5-C6272B6A1992}.Debug|Any CPU.Build.0 = Debug|Any CPU
		{904AB5E5-F383-4F72-B6C5-C6272B6A1992}.Release|Any CPU.ActiveCfg = Release|Any CPU
		{904AB5E5-F383-4F72-B6C5-C6272B6A1992}.Release|Any CPU.Build.0 = Release|Any CPU
		{FE6A0D60-6B5B-4D3A-89DC-41534A7CA962}.Debug|Any CPU.ActiveCfg = Debug|Any CPU
		{FE6A0D60-6B5B-4D3A-89DC-41534A7CA962}.Debug|Any CPU.Build.0 = Debug|Any CPU
		{FE6A0D60-6B5B-4D3A-89DC-41534A7CA962}.Release|Any CPU.ActiveCfg = Release|Any CPU
		{FE6A0D60-6B5B-4D3A-89DC-41534A7CA962}.Release|Any CPU.Build.0 = Release|Any CPU
		{75ADA892-97BF-4758-BA93-BE1910E5FEF3}.Debug|Any CPU.ActiveCfg = Debug|Any CPU
		{75ADA892-97BF-4758-BA93-BE1910E5FEF3}.Debug|Any CPU.Build.0 = Debug|Any CPU
		{75ADA892-97BF-4758-BA93-BE1910E5FEF3}.Release|Any CPU.ActiveCfg = Release|Any CPU
		{75ADA892-97BF-4758-BA93-BE1910E5FEF3}.Release|Any CPU.Build.0 = Release|Any CPU
	EndGlobalSection
	GlobalSection(SolutionProperties) = preSolution
		HideSolutionNode = FALSE
	EndGlobalSection
	GlobalSection(NestedProjects) = preSolution
		{283EDEF8-E6FB-4C2C-B25D-01E45E6111D6} = {218FCE1F-05CF-4B27-B144-CC9B58F52B58}
		{FAA30BA5-7441-44F5-AEE0-565C5E8BDB6D} = {218FCE1F-05CF-4B27-B144-CC9B58F52B58}
		{904AB5E5-F383-4F72-B6C5-C6272B6A1992} = {08BA7283-9C62-4FBA-92E5-DE4F230A4D8F}
		{FE6A0D60-6B5B-4D3A-89DC-41534A7CA962} = {08BA7283-9C62-4FBA-92E5-DE4F230A4D8F}
		{75ADA892-97BF-4758-BA93-BE1910E5FEF3} = {D1096DD6-8A6E-4CE8-B314-54D24512FAE8}
	EndGlobalSection
	GlobalSection(ExtensibilityGlobals) = postSolution
		SolutionGuid = {EC24599F-6E0E-497E-B3B1-A9F31425B0AF}
	EndGlobalSection
EndGlobal
